DEPENDENCIES
  solr
    path: .
    metadata: true

GRAPH
  apt (4.0.1)
    compat_resource (>= 12.10)
  chef_handler (1.4.0)
  compat_resource (12.10.6)
  java (1.40.1)
    apt (>= 0.0.0)
    windows (>= 0.0.0)
  logrotate (1.9.2)
  solr (1.5.0)
    java (>= 0.0.0)
    logrotate (~> 1.9.2)
  windows (1.44.1)
    chef_handler (>= 0.0.0)
